<?xml version="1.0" encoding="utf-8"?>
<Project ToolsVersion="4.0" xmlns="http://schemas.microsoft.com/developer/msbuild/2003">
  <ItemGroup>
    <Filter Include="Source Files">
      <UniqueIdentifier>{4FC737F1-C7A5-4376-A066-2A32D752A2FF}</UniqueIdentifier>
      <Extensions>cpp;c;cc;cxx;c++;cppm;ixx;def;odl;idl;hpj;bat;asm;asmx</Extensions>
    </Filter>
    <Filter Include="Header Files">
      <UniqueIdentifier>{93995380-89BD-4b04-88EB-625FBE52EBFB}</UniqueIdentifier>
      <Extensions>h;hh;hpp;hxx;h++;hm;inl;inc;ipp;xsd</Extensions>
    </Filter>
    <Filter Include="Resource Files">
      <UniqueIdentifier>{67DA6AB6-F800-4c08-8B7A-83BB121AAD01}</UniqueIdentifier>
      <Extensions>rc;ico;cur;bmp;dlg;rc2;rct;bin;rgs;gif;jpg;jpeg;jpe;resx;tiff;tif;png;wav;mfcribbon-ms</Extensions>
    </Filter>
  </ItemGroup>
  <ItemGroup>
    <ClCompile Include="src\main.cpp">
      <Filter>Source Files</Filter>
    </ClCompile>
    <ClCompile Include="src\core\discord.cpp">
      <Filter>Source Files</Filter>
    </ClCompile>
    <ClCompile Include="src\core\basestation.cpp">
      <Filter>Source Files</Filter>
    </ClCompile>
    <ClCompile Include="src\bots\paste\pastestation.cpp">
      <Filter>Source Files</Filter>
    </ClCompile>
    <ClCompile Include="src\bots\paste\embeds.cpp">
      <Filter>Source Files</Filter>
    </ClCompile>
    <ClCompile Include="src\common\util.cpp">
      <Filter>Source Files</Filter>
    </ClCompile>
    <ClCompile Include="src\bots\paste\pastemanager.cpp">
      <Filter>Source Files</Filter>
    </ClCompile>
    <ClCompile Include="src\bots\render\renderstation.cpp">
      <Filter>Source Files</Filter>
    </ClCompile>
    <ClCompile Include="src\bots\drops\lootcratestation.cpp">
      <Filter>Source Files</Filter>
    </ClCompile>
    <ClCompile Include="src\bots\drops\embeds.cpp">
      <Filter>Source Files</Filter>
    </ClCompile>
    <ClCompile Include="src\bots\drops\cratemanager.cpp">
      <Filter>Source Files</Filter>
    </ClCompile>
    <ClCompile Include="src\bots\suicide\suicidestation.cpp">
      <Filter>Source Files</Filter>
    </ClCompile>
    <ClCompile Include="src\bots\suicide\suicideembed.cpp">
      <Filter>Source Files</Filter>
    </ClCompile>
    <ClCompile Include="src\core\recovery.cpp">
      <Filter>Source Files</Filter>
    </ClCompile>
  </ItemGroup>
  <ItemGroup>
    <ClInclude Include="src\core\discord.h">
      <Filter>Header Files</Filter>
    </ClInclude>
    <ClInclude Include="src\core\basestation.h">
      <Filter>Header Files</Filter>
    </ClInclude>
    <ClInclude Include="src\core\stationresult.h">
      <Filter>Header Files</Filter>
    </ClInclude>
    <ClInclude Include="src\bots\paste\pastestation.h">
      <Filter>Header Files</Filter>
    </ClInclude>
    <ClInclude Include="src\bots\paste\embeds.h">
      <Filter>Header Files</Filter>
    </ClInclude>
    <ClInclude Include="src\common\util.h">
      <Filter>Header Files</Filter>
    </ClInclude>
    <ClInclude Include="src\core\istationmanager.h">
      <Filter>Header Files</Filter>
    </ClInclude>
    <ClInclude Include="src\bots\paste\pastemanager.h">
      <Filter>Header Files</Filter>
    </ClInclude>
    <ClInclude Include="src\bots\render\renderstation.h">
      <Filter>Header Files</Filter>
    </ClInclude>
    <ClInclude Include="src\bots\drops\lootcratestation.h">
      <Filter>Header Files</Filter>
    </ClInclude>
    <ClInclude Include="src\bots\drops\embeds.h">
      <Filter>Header Files</Filter>
    </ClInclude>
    <ClInclude Include="src\bots\drops\cratemanager.h">
      <Filter>Header Files</Filter>
    </ClInclude>
    <ClInclude Include="src\bots\suicide\suicidestation.h">
      <Filter>Header Files</Filter>
    </ClInclude>
    <ClInclude Include="src\bots\suicide\suicideembed.h">
      <Filter>Header Files</Filter>
    </ClInclude>
    <ClInclude Include="src\core\recovery.h">
      <Filter>Header Files</Filter>
    </ClInclude>
  </ItemGroup>
  <ItemGroup>
    <None Include=".clang-format" />
    <None Include="src\config.json" />
  </ItemGroup>
</Project>